// !$*UTF8*$!
{
	archiveVersion = 1;
	classes = {
	};
	objectVersion = 56;
	objects = {

/* Begin PBXBuildFile section */
		639C08C82AFB7D4C004B061A /* widget_appApp.swift in Sources */ = {isa = PBXBuildFile; fileRef = 639C08C72AFB7D4C004B061A /* widget_appApp.swift */; };
		639C08CA2AFB7D4C004B061A /* ContentView.swift in Sources */ = {isa = PBXBuildFile; fileRef = 639C08C92AFB7D4C004B061A /* ContentView.swift */; };
		639C08CC2AFB7D4D004B061A /* Assets.xcassets in Resources */ = {isa = PBXBuildFile; fileRef = 639C08CB2AFB7D4D004B061A /* Assets.xcassets */; };
		639C08CF2AFB7D4D004B061A /* Preview Assets.xcassets in Resources */ = {isa = PBXBuildFile; fileRef = 639C08CE2AFB7D4D004B061A /* Preview Assets.xcassets */; };
		639C08DC2AFB8342004B061A /* WidgetKit.framework in Frameworks */ = {isa = PBXBuildFile; fileRef = 639C08DB2AFB8342004B061A /* WidgetKit.framework */; };
		639C08DE2AFB8342004B061A /* SwiftUI.framework in Frameworks */ = {isa = PBXBuildFile; fileRef = 639C08DD2AFB8342004B061A /* SwiftUI.framework */; };
		639C08E12AFB8342004B061A /* widgetextensionBundle.swift in Sources */ = {isa = PBXBuildFile; fileRef = 639C08E02AFB8342004B061A /* widgetextensionBundle.swift */; };
		639C08E32AFB8342004B061A /* widgetextension.swift in Sources */ = {isa = PBXBuildFile; fileRef = 639C08E22AFB8342004B061A /* widgetextension.swift */; };
		639C08E52AFB8344004B061A /* Assets.xcassets in Resources */ = {isa = PBXBuildFile; fileRef = 639C08E42AFB8344004B061A /* Assets.xcassets */; };
		639C08E92AFB8344004B061A /* widgetextensionExtension.appex in Embed Foundation Extensions */ = {isa = PBXBuildFile; fileRef = 639C08D92AFB8342004B061A /* widgetextensionExtension.appex */; settings = {ATTRIBUTES = (RemoveHeadersOnCopy, ); }; };
		639C08F12B023F08004B061A /* DataService.swift in Sources */ = {isa = PBXBuildFile; fileRef = 639C08F02B023F08004B061A /* DataService.swift */; };
		639C08F22B023F08004B061A /* DataService.swift in Sources */ = {isa = PBXBuildFile; fileRef = 639C08F02B023F08004B061A /* DataService.swift */; };
		639C08F42B024432004B061A /* LogEntryAppIntent.swift in Sources */ = {isa = PBXBuildFile; fileRef = 639C08F32B024432004B061A /* LogEntryAppIntent.swift */; };
/* End PBXBuildFile section */

/* Begin PBXContainerItemProxy section */
		639C08E72AFB8344004B061A /* PBXContainerItemProxy */ = {
			isa = PBXContainerItemProxy;
			containerPortal = 639C08BC2AFB7D4C004B061A /* Project object */;
			proxyType = 1;
			remoteGlobalIDString = 639C08D82AFB8342004B061A;
			remoteInfo = widgetextensionExtension;
		};
/* End PBXContainerItemProxy section */

/* Begin PBXCopyFilesBuildPhase section */
		639C08ED2AFB8344004B061A /* Embed Foundation Extensions */ = {
			isa = PBXCopyFilesBuildPhase;
			buildActionMask = 2147483647;
			dstPath = "";
			dstSubfolderSpec = 13;
			files = (
				639C08E92AFB8344004B061A /* widgetextensionExtension.appex in Embed Foundation Extensions */,
			);
			name = "Embed Foundation Extensions";
			runOnlyForDeploymentPostprocessing = 0;
		};
/* End PBXCopyFilesBuildPhase section */

/* Begin PBXFileReference section */
		639C08C42AFB7D4C004B061A /* widget app.app */ = {isa = PBXFileReference; explicitFileType = wrapper.application; includeInIndex = 0; path = "widget app.app"; sourceTree = BUILT_PRODUCTS_DIR; };
		639C08C72AFB7D4C004B061A /* widget_appApp.swift */ = {isa = PBXFileReference; lastKnownFileType = sourcecode.swift; path = widget_appApp.swift; sourceTree = "<group>"; };
		639C08C92AFB7D4C004B061A /* ContentView.swift */ = {isa = PBXFileReference; lastKnownFileType = sourcecode.swift; path = ContentView.swift; sourceTree = "<group>"; };
		639C08CB2AFB7D4D004B061A /* Assets.xcassets */ = {isa = PBXFileReference; lastKnownFileType = folder.assetcatalog; path = Assets.xcassets; sourceTree = "<group>"; };
		639C08CE2AFB7D4D004B061A /* Preview Assets.xcassets */ = {isa = PBXFileReference; lastKnownFileType = folder.assetcatalog; path = "Preview Assets.xcassets"; sourceTree = "<group>"; };
		639C08D92AFB8342004B061A /* widgetextensionExtension.appex */ = {isa = PBXFileReference; explicitFileType = "wrapper.app-extension"; includeInIndex = 0; path = widgetextensionExtension.appex; sourceTree = BUILT_PRODUCTS_DIR; };
		639C08DB2AFB8342004B061A /* WidgetKit.framework */ = {isa = PBXFileReference; lastKnownFileType = wrapper.framework; name = WidgetKit.framework; path = System/Library/Frameworks/WidgetKit.framework; sourceTree = SDKROOT; };
		639C08DD2AFB8342004B061A /* SwiftUI.framework */ = {isa = PBXFileReference; lastKnownFileType = wrapper.framework; name = SwiftUI.framework; path = System/Library/Frameworks/SwiftUI.framework; sourceTree = SDKROOT; };
		639C08E02AFB8342004B061A /* widgetextensionBundle.swift */ = {isa = PBXFileReference; lastKnownFileType = sourcecode.swift; path = widgetextensionBundle.swift; sourceTree = "<group>"; };
		639C08E22AFB8342004B061A /* widgetextension.swift */ = {isa = PBXFileReference; lastKnownFileType = sourcecode.swift; path = widgetextension.swift; sourceTree = "<group>"; };
		639C08E42AFB8344004B061A /* Assets.xcassets */ = {isa = PBXFileReference; lastKnownFileType = folder.assetcatalog; path = Assets.xcassets; sourceTree = "<group>"; };
		639C08E62AFB8344004B061A /* Info.plist */ = {isa = PBXFileReference; lastKnownFileType = text.plist.xml; path = Info.plist; sourceTree = "<group>"; };
		639C08EE2B023DE7004B061A /* widget app.entitlements */ = {isa = PBXFileReference; lastKnownFileType = text.plist.entitlements; path = "widget app.entitlements"; sourceTree = "<group>"; };
		639C08EF2B023E1C004B061A /* widgetextensionExtension.entitlements */ = {isa = PBXFileReference; lastKnownFileType = text.plist.entitlements; path = widgetextensionExtension.entitlements; sourceTree = "<group>"; };
		639C08F02B023F08004B061A /* DataService.swift */ = {isa = PBXFileReference; lastKnownFileType = sourcecode.swift; path = DataService.swift; sourceTree = "<group>"; };
		639C08F32B024432004B061A /* LogEntryAppIntent.swift */ = {isa = PBXFileReference; lastKnownFileType = sourcecode.swift; path = LogEntryAppIntent.swift; sourceTree = "<group>"; };
/* End PBXFileReference section */

/* Begin PBXFrameworksBuildPhase section */
		639C08C12AFB7D4C004B061A /* Frameworks */ = {
			isa = PBXFrameworksBuildPhase;
			buildActionMask = 2147483647;
			files = (
			);
			runOnlyForDeploymentPostprocessing = 0;
		};
		639C08D62AFB8342004B061A /* Frameworks */ = {
			isa = PBXFrameworksBuildPhase;
			buildActionMask = 2147483647;
			files = (
				639C08DE2AFB8342004B061A /* SwiftUI.framework in Frameworks */,
				639C08DC2AFB8342004B061A /* WidgetKit.framework in Frameworks */,
			);
			runOnlyForDeploymentPostprocessing = 0;
		};
/* End PBXFrameworksBuildPhase section */

/* Begin PBXGroup section */
		639C08BB2AFB7D4C004B061A = {
			isa = PBXGroup;
			children = (
				639C08F32B024432004B061A /* LogEntryAppIntent.swift */,
				639C08EF2B023E1C004B061A /* widgetextensionExtension.entitlements */,
				639C08C62AFB7D4C004B061A /* widget app */,
				639C08DF2AFB8342004B061A /* widgetextension */,
				639C08DA2AFB8342004B061A /* Frameworks */,
				639C08C52AFB7D4C004B061A /* Products */,
			);
			sourceTree = "<group>";
		};
		639C08C52AFB7D4C004B061A /* Products */ = {
			isa = PBXGroup;
			children = (
				639C08C42AFB7D4C004B061A /* widget app.app */,
				639C08D92AFB8342004B061A /* widgetextensionExtension.appex */,
			);
			name = Products;
			sourceTree = "<group>";
		};
		639C08C62AFB7D4C004B061A /* widget app */ = {
			isa = PBXGroup;
			children = (
				639C08EE2B023DE7004B061A /* widget app.entitlements */,
				639C08C72AFB7D4C004B061A /* widget_appApp.swift */,
				639C08C92AFB7D4C004B061A /* ContentView.swift */,
				639C08CB2AFB7D4D004B061A /* Assets.xcassets */,
				639C08CD2AFB7D4D004B061A /* Preview Content */,
			);
			path = "widget app";
			sourceTree = "<group>";
		};
		639C08CD2AFB7D4D004B061A /* Preview Content */ = {
			isa = PBXGroup;
			children = (
				639C08CE2AFB7D4D004B061A /* Preview Assets.xcassets */,
			);
			path = "Preview Content";
			sourceTree = "<group>";
		};
		639C08DA2AFB8342004B061A /* Frameworks */ = {
			isa = PBXGroup;
			children = (
				639C08DB2AFB8342004B061A /* WidgetKit.framework */,
				639C08DD2AFB8342004B061A /* SwiftUI.framework */,
			);
			name = Frameworks;
			sourceTree = "<group>";
		};
		639C08DF2AFB8342004B061A /* widgetextension */ = {
			isa = PBXGroup;
			children = (
				639C08E02AFB8342004B061A /* widgetextensionBundle.swift */,
				639C08E22AFB8342004B061A /* widgetextension.swift */,
				639C08F02B023F08004B061A /* DataService.swift */,
				639C08E42AFB8344004B061A /* Assets.xcassets */,
				639C08E62AFB8344004B061A /* Info.plist */,
			);
			path = widgetextension;
			sourceTree = "<group>";
		};
/* End PBXGroup section */

/* Begin PBXNativeTarget section */
		639C08C32AFB7D4C004B061A /* widget app */ = {
			isa = PBXNativeTarget;
			buildConfigurationList = 639C08D22AFB7D4D004B061A /* Build configuration list for PBXNativeTarget "widget app" */;
			buildPhases = (
				639C08C02AFB7D4C004B061A /* Sources */,
				639C08C12AFB7D4C004B061A /* Frameworks */,
				639C08C22AFB7D4C004B061A /* Resources */,
				639C08ED2AFB8344004B061A /* Embed Foundation Extensions */,
			);
			buildRules = (
			);
			dependencies = (
				639C08E82AFB8344004B061A /* PBXTargetDependency */,
			);
			name = "widget app";
			productName = "widget app";
			productReference = 639C08C42AFB7D4C004B061A /* widget app.app */;
			productType = "com.apple.product-type.application";
		};
		639C08D82AFB8342004B061A /* widgetextensionExtension */ = {
			isa = PBXNativeTarget;
			buildConfigurationList = 639C08EA2AFB8344004B061A /* Build configuration list for PBXNativeTarget "widgetextensionExtension" */;
			buildPhases = (
				639C08D52AFB8342004B061A /* Sources */,
				639C08D62AFB8342004B061A /* Frameworks */,
				639C08D72AFB8342004B061A /* Resources */,
			);
			buildRules = (
			);
			dependencies = (
			);
			name = widgetextensionExtension;
			productName = widgetextensionExtension;
			productReference = 639C08D92AFB8342004B061A /* widgetextensionExtension.appex */;
			productType = "com.apple.product-type.app-extension";
		};
/* End PBXNativeTarget section */

/* Begin PBXProject section */
		639C08BC2AFB7D4C004B061A /* Project object */ = {
			isa = PBXProject;
			attributes = {
				BuildIndependentTargetsInParallel = 1;
				LastSwiftUpdateCheck = 1500;
				LastUpgradeCheck = 1500;
				TargetAttributes = {
					639C08C32AFB7D4C004B061A = {
						CreatedOnToolsVersion = 15.0;
					};
					639C08D82AFB8342004B061A = {
						CreatedOnToolsVersion = 15.0;
					};
				};
			};
			buildConfigurationList = 639C08BF2AFB7D4C004B061A /* Build configuration list for PBXProject "widget app" */;
			compatibilityVersion = "Xcode 14.0";
			developmentRegion = en;
			hasScannedForEncodings = 0;
			knownRegions = (
				en,
				Base,
			);
			mainGroup = 639C08BB2AFB7D4C004B061A;
			productRefGroup = 639C08C52AFB7D4C004B061A /* Products */;
			projectDirPath = "";
			projectRoot = "";
			targets = (
				639C08C32AFB7D4C004B061A /* widget app */,
				639C08D82AFB8342004B061A /* widgetextensionExtension */,
			);
		};
/* End PBXProject section */

/* Begin PBXResourcesBuildPhase section */
		639C08C22AFB7D4C004B061A /* Resources */ = {
			isa = PBXResourcesBuildPhase;
			buildActionMask = 2147483647;
			files = (
				639C08CF2AFB7D4D004B061A /* Preview Assets.xcassets in Resources */,
				639C08CC2AFB7D4D004B061A /* Assets.xcassets in Resources */,
			);
			runOnlyForDeploymentPostprocessing = 0;
		};
		639C08D72AFB8342004B061A /* Resources */ = {
			isa = PBXResourcesBuildPhase;
			buildActionMask = 2147483647;
			files = (
				639C08E52AFB8344004B061A /* Assets.xcassets in Resources */,
			);
			runOnlyForDeploymentPostprocessing = 0;
		};
/* End PBXResourcesBuildPhase section */

/* Begin PBXSourcesBuildPhase section */
		639C08C02AFB7D4C004B061A /* Sources */ = {
			isa = PBXSourcesBuildPhase;
			buildActionMask = 2147483647;
			files = (
				639C08F12B023F08004B061A /* DataService.swift in Sources */,
				639C08CA2AFB7D4C004B061A /* ContentView.swift in Sources */,
				639C08C82AFB7D4C004B061A /* widget_appApp.swift in Sources */,
			);
			runOnlyForDeploymentPostprocessing = 0;
		};
		639C08D52AFB8342004B061A /* Sources */ = {
			isa = PBXSourcesBuildPhase;
			buildActionMask = 2147483647;
			files = (
				639C08F22B023F08004B061A /* DataService.swift in Sources */,
				639C08F42B024432004B061A /* LogEntryAppIntent.swift in Sources */,
				639C08E12AFB8342004B061A /* widgetextensionBundle.swift in Sources */,
				639C08E32AFB8342004B061A /* widgetextension.swift in Sources */,
			);
			runOnlyForDeploymentPostprocessing = 0;
		};
/* End PBXSourcesBuildPhase section */

/* Begin PBXTargetDependency section */
		639C08E82AFB8344004B061A /* PBXTargetDependency */ = {
			isa = PBXTargetDependency;
			target = 639C08D82AFB8342004B061A /* widgetextensionExtension */;
			targetProxy = 639C08E72AFB8344004B061A /* PBXContainerItemProxy */;
		};
/* End PBXTargetDependency section */

/* Begin XCBuildConfiguration section */
		639C08D02AFB7D4D004B061A /* Debug */ = {
			isa = XCBuildConfiguration;
			buildSettings = {
				ALWAYS_SEARCH_USER_PATHS = NO;
				ASSETCATALOG_COMPILER_GENERATE_SWIFT_ASSET_SYMBOL_EXTENSIONS = YES;
				CLANG_ANALYZER_NONNULL = YES;
				CLANG_ANALYZER_NUMBER_OBJECT_CONVERSION = YES_AGGRESSIVE;
				CLANG_CXX_LANGUAGE_STANDARD = "gnu++20";
				CLANG_ENABLE_MODULES = YES;
				CLANG_ENABLE_OBJC_ARC = YES;
				CLANG_ENABLE_OBJC_WEAK = YES;
				CLANG_WARN_BLOCK_CAPTURE_AUTORELEASING = YES;
				CLANG_WARN_BOOL_CONVERSION = YES;
				CLANG_WARN_COMMA = YES;
				CLANG_WARN_CONSTANT_CONVERSION = YES;
				CLANG_WARN_DEPRECATED_OBJC_IMPLEMENTATIONS = YES;
				CLANG_WARN_DIRECT_OBJC_ISA_USAGE = YES_ERROR;
				CLANG_WARN_DOCUMENTATION_COMMENTS = YES;
				CLANG_WARN_EMPTY_BODY = YES;
				CLANG_WARN_ENUM_CONVERSION = YES;
				CLANG_WARN_INFINITE_RECURSION = YES;
				CLANG_WARN_INT_CONVERSION = YES;
				CLANG_WARN_NON_LITERAL_NULL_CONVERSION = YES;
				CLANG_WARN_OBJC_IMPLICIT_RETAIN_SELF = YES;
				CLANG_WARN_OBJC_LITERAL_CONVERSION = YES;
				CLANG_WARN_OBJC_ROOT_CLASS = YES_ERROR;
				CLANG_WARN_QUOTED_INCLUDE_IN_FRAMEWORK_HEADER = YES;
				CLANG_WARN_RANGE_LOOP_ANALYSIS = YES;
				CLANG_WARN_STRICT_PROTOTYPES = YES;
				CLANG_WARN_SUSPICIOUS_MOVE = YES;
				CLANG_WARN_UNGUARDED_AVAILABILITY = YES_AGGRESSIVE;
				CLANG_WARN_UNREACHABLE_CODE = YES;
				CLANG_WARN__DUPLICATE_METHOD_MATCH = YES;
				COPY_PHASE_STRIP = NO;
				DEBUG_INFORMATION_FORMAT = dwarf;
				ENABLE_STRICT_OBJC_MSGSEND = YES;
				ENABLE_TESTABILITY = YES;
				ENABLE_USER_SCRIPT_SANDBOXING = YES;
				GCC_C_LANGUAGE_STANDARD = gnu17;
				GCC_DYNAMIC_NO_PIC = NO;
				GCC_NO_COMMON_BLOCKS = YES;
				GCC_OPTIMIZATION_LEVEL = 0;
				GCC_PREPROCESSOR_DEFINITIONS = (
					"DEBUG=1",
					"$(inherited)",
				);
				GCC_WARN_64_TO_32_BIT_CONVERSION = YES;
				GCC_WARN_ABOUT_RETURN_TYPE = YES_ERROR;
				GCC_WARN_UNDECLARED_SELECTOR = YES;
				GCC_WARN_UNINITIALIZED_AUTOS = YES_AGGRESSIVE;
				GCC_WARN_UNUSED_FUNCTION = YES;
				GCC_WARN_UNUSED_VARIABLE = YES;
				IPHONEOS_DEPLOYMENT_TARGET = 17.0;
				LOCALIZATION_PREFERS_STRING_CATALOGS = YES;
				MTL_ENABLE_DEBUG_INFO = INCLUDE_SOURCE;
				MTL_FAST_MATH = YES;
				ONLY_ACTIVE_ARCH = YES;
				SDKROOT = iphoneos;
				SWIFT_ACTIVE_COMPILATION_CONDITIONS = "DEBUG $(inherited)";
				SWIFT_OPTIMIZATION_LEVEL = "-Onone";
			};
			name = Debug;
		};
		639C08D12AFB7D4D004B061A /* Release */ = {
			isa = XCBuildConfiguration;
			buildSettings = {
				ALWAYS_SEARCH_USER_PATHS = NO;
				ASSETCATALOG_COMPILER_GENERATE_SWIFT_ASSET_SYMBOL_EXTENSIONS = YES;
				CLANG_ANALYZER_NONNULL = YES;
				CLANG_ANALYZER_NUMBER_OBJECT_CONVERSION = YES_AGGRESSIVE;
				CLANG_CXX_LANGUAGE_STANDARD = "gnu++20";
				CLANG_ENABLE_MODULES = YES;
				CLANG_ENABLE_OBJC_ARC = YES;
				CLANG_ENABLE_OBJC_WEAK = YES;
				CLANG_WARN_BLOCK_CAPTURE_AUTORELEASING = YES;
				CLANG_WARN_BOOL_CONVERSION = YES;
				CLANG_WARN_COMMA = YES;
				CLANG_WARN_CONSTANT_CONVERSION = YES;
				CLANG_WARN_DEPRECATED_OBJC_IMPLEMENTATIONS = YES;
				CLANG_WARN_DIRECT_OBJC_ISA_USAGE = YES_ERROR;
				CLANG_WARN_DOCUMENTATION_COMMENTS = YES;
				CLANG_WARN_EMPTY_BODY = YES;
				CLANG_WARN_ENUM_CONVERSION = YES;
				CLANG_WARN_INFINITE_RECURSION = YES;
				CLANG_WARN_INT_CONVERSION = YES;
				CLANG_WARN_NON_LITERAL_NULL_CONVERSION = YES;
				CLANG_WARN_OBJC_IMPLICIT_RETAIN_SELF = YES;
				CLANG_WARN_OBJC_LITERAL_CONVERSION = YES;
				CLANG_WARN_OBJC_ROOT_CLASS = YES_ERROR;
				CLANG_WARN_QUOTED_INCLUDE_IN_FRAMEWORK_HEADER = YES;
				CLANG_WARN_RANGE_LOOP_ANALYSIS = YES;
				CLANG_WARN_STRICT_PROTOTYPES = YES;
				CLANG_WARN_SUSPICIOUS_MOVE = YES;
				CLANG_WARN_UNGUARDED_AVAILABILITY = YES_AGGRESSIVE;
				CLANG_WARN_UNREACHABLE_CODE = YES;
				CLANG_WARN__DUPLICATE_METHOD_MATCH = YES;
				COPY_PHASE_STRIP = NO;
				DEBUG_INFORMATION_FORMAT = "dwarf-with-dsym";
				ENABLE_NS_ASSERTIONS = NO;
				ENABLE_STRICT_OBJC_MSGSEND = YES;
				ENABLE_USER_SCRIPT_SANDBOXING = YES;
				GCC_C_LANGUAGE_STANDARD = gnu17;
				GCC_NO_COMMON_BLOCKS = YES;
				GCC_WARN_64_TO_32_BIT_CONVERSION = YES;
				GCC_WARN_ABOUT_RETURN_TYPE = YES_ERROR;
				GCC_WARN_UNDECLARED_SELECTOR = YES;
				GCC_WARN_UNINITIALIZED_AUTOS = YES_AGGRESSIVE;
				GCC_WARN_UNUSED_FUNCTION = YES;
				GCC_WARN_UNUSED_VARIABLE = YES;
				IPHONEOS_DEPLOYMENT_TARGET = 17.0;
				LOCALIZATION_PREFERS_STRING_CATALOGS = YES;
				MTL_ENABLE_DEBUG_INFO = NO;
				MTL_FAST_MATH = YES;
				SDKROOT = iphoneos;
				SWIFT_COMPILATION_MODE = wholemodule;
				VALIDATE_PRODUCT = YES;
			};
			name = Release;
		};
		639C08D32AFB7D4D004B061A /* Debug */ = {
			isa = XCBuildConfiguration;
			buildSettings = {
				ALWAYS_EMBED_SWIFT_STANDARD_LIBRARIES = YES;
				ASSETCATALOG_COMPILER_APPICON_NAME = AppIcon;
				ASSETCATALOG_COMPILER_GLOBAL_ACCENT_COLOR_NAME = AccentColor;
				CODE_SIGN_ENTITLEMENTS = "widget app/widget app.entitlements";
				CODE_SIGN_STYLE = Automatic;
				CURRENT_PROJECT_VERSION = 1;
				DEVELOPMENT_ASSET_PATHS = "\"widget app/Preview Content\"";
				DEVELOPMENT_TEAM = 5Y7P52GGAD;
				ENABLE_PREVIEWS = YES;
				GENERATE_INFOPLIST_FILE = YES;
				INFOPLIST_KEY_UIApplicationSceneManifest_Generation = YES;
				INFOPLIST_KEY_UIApplicationSupportsIndirectInputEvents = YES;
				INFOPLIST_KEY_UILaunchScreen_Generation = YES;
				INFOPLIST_KEY_UISupportedInterfaceOrientations_iPad = "UIInterfaceOrientationPortrait UIInterfaceOrientationPortraitUpsideDown UIInterfaceOrientationLandscapeLeft UIInterfaceOrientationLandscapeRight";
				INFOPLIST_KEY_UISupportedInterfaceOrientations_iPhone = "UIInterfaceOrientationPortrait UIInterfaceOrientationLandscapeLeft UIInterfaceOrientationLandscapeRight";
				LD_RUNPATH_SEARCH_PATHS = (
					"$(inherited)",
					"@executable_path/Frameworks",
				);
				MARKETING_VERSION = 1.0;
				PRODUCT_BUNDLE_IDENTIFIER = "matteo.perotta.widget-app";
				PRODUCT_NAME = "$(TARGET_NAME)";
				SWIFT_EMIT_LOC_STRINGS = YES;
				SWIFT_VERSION = 5.0;
				TARGETED_DEVICE_FAMILY = "1,2";
			};
			name = Debug;
		};
		639C08D42AFB7D4D004B061A /* Release */ = {
			isa = XCBuildConfiguration;
			buildSettings = {
				ALWAYS_EMBED_SWIFT_STANDARD_LIBRARIES = YES;
				ASSETCATALOG_COMPILER_APPICON_NAME = AppIcon;
				ASSETCATALOG_COMPILER_GLOBAL_ACCENT_COLOR_NAME = AccentColor;
				CODE_SIGN_ENTITLEMENTS = "widget app/widget app.entitlements";
				CODE_SIGN_STYLE = Automatic;
				CURRENT_PROJECT_VERSION = 1;
				DEVELOPMENT_ASSET_PATHS = "\"widget app/Preview Content\"";
				DEVELOPMENT_TEAM = 5Y7P52GGAD;
				ENABLE_PREVIEWS = YES;
				GENERATE_INFOPLIST_FILE = YES;
				INFOPLIST_KEY_UIApplicationSceneManifest_Generation = YES;
				INFOPLIST_KEY_UIApplicationSupportsIndirectInputEvents = YES;
				INFOPLIST_KEY_UILaunchScreen_Generation = YES;
				INFOPLIST_KEY_UISupportedInterfaceOrientations_iPad = "UIInterfaceOrientationPortrait UIInterfaceOrientationPortraitUpsideDown UIInterfaceOrientationLandscapeLeft UIInterfaceOrientationLandscapeRight";
				INFOPLIST_KEY_UISupportedInterfaceOrientations_iPhone = "UIInterfaceOrientationPortrait UIInterfaceOrientationLandscapeLeft UIInterfaceOrientationLandscapeRight";
				LD_RUNPATH_SEARCH_PATHS = (
					"$(inherited)",
					"@executable_path/Frameworks",
				);
				MARKETING_VERSION = 1.0;
				PRODUCT_BUNDLE_IDENTIFIER = "matteo.perotta.widget-app";
				PRODUCT_NAME = "$(TARGET_NAME)";
				SWIFT_EMIT_LOC_STRINGS = YES;
				SWIFT_VERSION = 5.0;
				TARGETED_DEVICE_FAMILY = "1,2";
			};
			name = Release;
		};
		639C08EB2AFB8344004B061A /* Debug */ = {
			isa = XCBuildConfiguration;
			buildSettings = {
				ASSETCATALOG_COMPILER_GLOBAL_ACCENT_COLOR_NAME = AccentColor;
				ASSETCATALOG_COMPILER_WIDGET_BACKGROUND_COLOR_NAME = WidgetBackground;
				CODE_SIGN_ENTITLEMENTS = widgetextensionExtension.entitlements;
				CODE_SIGN_STYLE = Automatic;
				CURRENT_PROJECT_VERSION = 1;
				DEVELOPMENT_TEAM = 5Y7P52GGAD;
				GENERATE_INFOPLIST_FILE = YES;
				INFOPLIST_FILE = widgetextension/Info.plist;
				INFOPLIST_KEY_CFBundleDisplayName = widgetextension;
				INFOPLIST_KEY_NSHumanReadableCopyright = "";
				LD_RUNPATH_SEARCH_PATHS = (
					"$(inherited)",
					"@executable_path/Frameworks",
					"@executable_path/../../Frameworks",
				);
				MARKETING_VERSION = 1.0;
				PRODUCT_BUNDLE_IDENTIFIER = "matteo.perotta.widget-app.widgetextension";
				PRODUCT_NAME = "$(TARGET_NAME)";
				SKIP_INSTALL = YES;
				SWIFT_EMIT_LOC_STRINGS = YES;
				SWIFT_VERSION = 5.0;
				TARGETED_DEVICE_FAMILY = "1,2";
			};
			name = Debug;
		};
		639C08EC2AFB8344004B061A /* Release */ = {
			isa = XCBuildConfiguration;
			buildSettings = {
				ASSETCATALOG_COMPILER_GLOBAL_ACCENT_COLOR_NAME = AccentColor;
				ASSETCATALOG_COMPILER_WIDGET_BACKGROUND_COLOR_NAME = WidgetBackground;
				CODE_SIGN_ENTITLEMENTS = widgetextensionExtension.entitlements;
				CODE_SIGN_STYLE = Automatic;
				CURRENT_PROJECT_VERSION = 1;
				DEVELOPMENT_TEAM = 5Y7P52GGAD;
				GENERATE_INFOPLIST_FILE = YES;
				INFOPLIST_FILE = widgetextension/Info.plist;
				INFOPLIST_KEY_CFBundleDisplayName = widgetextension;
				INFOPLIST_KEY_NSHumanReadableCopyright = "";
				LD_RUNPATH_SEARCH_PATHS = (
					"$(inherited)",
					"@executable_path/Frameworks",
					"@executable_path/../../Frameworks",
				);
				MARKETING_VERSION = 1.0;
				PRODUCT_BUNDLE_IDENTIFIER = "matteo.perotta.widget-app.widgetextension";
				PRODUCT_NAME = "$(TARGET_NAME)";
				SKIP_INSTALL = YES;
				SWIFT_EMIT_LOC_STRINGS = YES;
				SWIFT_VERSION = 5.0;
				TARGETED_DEVICE_FAMILY = "1,2";
			};
			name = Release;
		};
/* End XCBuildConfiguration section */

/* Begin XCConfigurationList section */
		639C08BF2AFB7D4C004B061A /* Build configuration list for PBXProject "widget app" */ = {
			isa = XCConfigurationList;
			buildConfigurations = (
				639C08D02AFB7D4D004B061A /* Debug */,
				639C08D12AFB7D4D004B061A /* Release */,
			);
			defaultConfigurationIsVisible = 0;
			defaultConfigurationName = Release;
		};
		639C08D22AFB7D4D004B061A /* Build configuration list for PBXNativeTarget "widget app" */ = {
			isa = XCConfigurationList;
			buildConfigurations = (
				639C08D32AFB7D4D004B061A /* Debug */,
				639C08D42AFB7D4D004B061A /* Release */,
			);
			defaultConfigurationIsVisible = 0;
			defaultConfigurationName = Release;
		};
		639C08EA2AFB8344004B061A /* Build configuration list for PBXNativeTarget "widgetextensionExtension" */ = {
			isa = XCConfigurationList;
			buildConfigurations = (
				639C08EB2AFB8344004B061A /* Debug */,
				639C08EC2AFB8344004B061A /* Release */,
			);
			defaultConfigurationIsVisible = 0;
			defaultConfigurationName = Release;
		};
/* End XCConfigurationList section */
	};
	rootObject = 639C08BC2AFB7D4C004B061A /* Project object */;
}
